
Microsoft Visual Studio Solution File, Format Version 12.00
# Visual Studio Version 17
VisualStudioVersion = 17.0.31903.59
MinimumVisualStudioVersion = 10.0.40219.1
Project("{FAE04EC0-301F-11D3-BF4B-00C04F79EFBC}") = "web", "web\web.csproj", "{8E9E397B-91BC-46C9-B271-3EAE28F92FEC}"
EndProject
Project("{FAE04EC0-301F-11D3-BF4B-00C04F79EFBC}") = "service", "service\service.csproj", "{794C5E6A-881F-4C94-89FB-0A6735609022}"
EndProject
Project("{FAE04EC0-301F-11D3-BF4B-00C04F79EFBC}") = "infrastructure", "infrastructure\infrastructure.csproj", "{A6104B1A-79C8-4B15-9BBF-5C3753780508}"
EndProject
Project("{FAE04EC0-301F-11D3-BF4B-00C04F79EFBC}") = "core", "core\core.csproj", "{7374D01A-AD41-4282-81A9-B7D65EF85F26}"
EndProject
Global
	GlobalSection(SolutionConfigurationPlatforms) = preSolution
		Debug|Any CPU = Debug|Any CPU
		Release|Any CPU = Release|Any CPU
	EndGlobalSection
	GlobalSection(SolutionProperties) = preSolution
		HideSolutionNode = FALSE
	EndGlobalSection
	GlobalSection(ProjectConfigurationPlatforms) = postSolution
		{8E9E397B-91BC-46C9-B271-3EAE28F92FEC}.Debug|Any CPU.ActiveCfg = Debug|Any CPU
		{8E9E397B-91BC-46C9-B271-3EAE28F92FEC}.Debug|Any CPU.Build.0 = Debug|Any CPU
		{8E9E397B-91BC-46C9-B271-3EAE28F92FEC}.Release|Any CPU.ActiveCfg = Release|Any CPU
		{8E9E397B-91BC-46C9-B271-3EAE28F92FEC}.Release|Any CPU.Build.0 = Release|Any CPU
		{794C5E6A-881F-4C94-89FB-0A6735609022}.Debug|Any CPU.ActiveCfg = Debug|Any CPU
		{794C5E6A-881F-4C94-89FB-0A6735609022}.Debug|Any CPU.Build.0 = Debug|Any CPU
		{794C5E6A-881F-4C94-89FB-0A6735609022}.Release|Any CPU.ActiveCfg = Release|Any CPU
		{794C5E6A-881F-4C94-89FB-0A6735609022}.Release|Any CPU.Build.0 = Release|Any CPU
		{A6104B1A-79C8-4B15-9BBF-5C3753780508}.Debug|Any CPU.ActiveCfg = Debug|Any CPU
		{A6104B1A-79C8-4B15-9BBF-5C3753780508}.Debug|Any CPU.Build.0 = Debug|Any CPU
		{A6104B1A-79C8-4B15-9BBF-5C3753780508}.Release|Any CPU.ActiveCfg = Release|Any CPU
		{A6104B1A-79C8-4B15-9BBF-5C3753780508}.Release|Any CPU.Build.0 = Release|Any CPU
		{7374D01A-AD41-4282-81A9-B7D65EF85F26}.Debug|Any CPU.ActiveCfg = Debug|Any CPU
		{7374D01A-AD41-4282-81A9-B7D65EF85F26}.Debug|Any CPU.Build.0 = Debug|Any CPU
		{7374D01A-AD41-4282-81A9-B7D65EF85F26}.Release|Any CPU.ActiveCfg = Release|Any CPU
		{7374D01A-AD41-4282-81A9-B7D65EF85F26}.Release|Any CPU.Build.0 = Release|Any CPU
	EndGlobalSection
EndGlobal
